
Microsoft Visual Studio Solution File, Format Version 12.00
# Visual Studio Version 17
VisualStudioVersion = 17.8.34511.84
MinimumVisualStudioVersion = 10.0.40219.1
Project("{FAE04EC0-301F-11D3-BF4B-00C04F79EFBC}") = "ConseitosBásicos", "ConseitosBásicos\ConseitosBásicos.csproj", "{C8BCFC8B-D1D8-4890-AB9C-E9E792FB4EA5}"
EndProject
Global
	GlobalSection(SolutionConfigurationPlatforms) = preSolution
		Debug|Any CPU = Debug|Any CPU
		Release|Any CPU = Release|Any CPU
	EndGlobalSection
	GlobalSection(ProjectConfigurationPlatforms) = postSolution
		{C8BCFC8B-D1D8-4890-AB9C-E9E792FB4EA5}.Debug|Any CPU.ActiveCfg = Debug|Any CPU
		{C8BCFC8B-D1D8-4890-AB9C-E9E792FB4EA5}.Debug|Any CPU.Build.0 = Debug|Any CPU
		{C8BCFC8B-D1D8-4890-AB9C-E9E792FB4EA5}.Release|Any CPU.ActiveCfg = Release|Any CPU
		{C8BCFC8B-D1D8-4890-AB9C-E9E792FB4EA5}.Release|Any CPU.Build.0 = Release|Any CPU
	EndGlobalSection
	GlobalSection(SolutionProperties) = preSolution
		HideSolutionNode = FALSE
	EndGlobalSection
	GlobalSection(ExtensibilityGlobals) = postSolution
		SolutionGuid = {5B0DC44B-56DD-4BFD-AB2C-78E30CB7019B}
	EndGlobalSection
EndGlobal
